
Microsoft Visual Studio Solution File, Format Version 12.00
# Visual Studio 15
VisualStudioVersion = 15.0.27004.2005
MinimumVisualStudioVersion = 10.0.40219.1
Project("{FAE04EC0-301F-11D3-BF4B-00C04F79EFBC}") = "tryIt", "tryIt\tryIt.csproj", "{5B8F52C0-0E20-498A-B42C-DFF3DB714CDC}"
EndProject
Global
	GlobalSection(SolutionConfigurationPlatforms) = preSolution
		Debug|Any CPU = Debug|Any CPU
		Release|Any CPU = Release|Any CPU
	EndGlobalSection
	GlobalSection(ProjectConfigurationPlatforms) = postSolution
		{5B8F52C0-0E20-498A-B42C-DFF3DB714CDC}.Debug|Any CPU.ActiveCfg = Debug|Any CPU
		{5B8F52C0-0E20-498A-B42C-DFF3DB714CDC}.Debug|Any CPU.Build.0 = Debug|Any CPU
		{5B8F52C0-0E20-498A-B42C-DFF3DB714CDC}.Release|Any CPU.ActiveCfg = Release|Any CPU
		{5B8F52C0-0E20-498A-B42C-DFF3DB714CDC}.Release|Any CPU.Build.0 = Release|Any CPU
	EndGlobalSection
	GlobalSection(SolutionProperties) = preSolution
		HideSolutionNode = FALSE
	EndGlobalSection
	GlobalSection(ExtensibilityGlobals) = postSolution
		SolutionGuid = {035051C7-DB41-4159-9D2A-C0CA3E650671}
	EndGlobalSection
EndGlobal
